
Microsoft Visual Studio Solution File, Format Version 12.00
# Visual Studio Version 16
VisualStudioVersion = 16.0.29001.49
MinimumVisualStudioVersion = 10.0.40219.1
Project("{FAE04EC0-301F-11D3-BF4B-00C04F79EFBC}") = "DBQueryTool.Views", "DBQueryTool.Views\DBQueryTool.Views.csproj", "{2A216546-D5C3-4CE8-B2C9-D7069FEE520A}"
EndProject
Project("{9A19103F-16F7-4668-BE54-9A1E7A4F7556}") = "Auth", "Auth\Auth.csproj", "{F413CE04-8F12-4BE5-9E43-00C6F69149AE}"
EndProject
Project("{FAE04EC0-301F-11D3-BF4B-00C04F79EFBC}") = "DBQueryTool.Core", "DBQueryTool.Core\DBQueryTool.Core.csproj", "{9E6BC582-DAC5-402C-ACEB-74783D3190D2}"
EndProject
Project("{FAE04EC0-301F-11D3-BF4B-00C04F79EFBC}") = "DBQueryTool.Utils", "DBQueryTool.Utils\DBQueryTool.Utils.csproj", "{5D94D54C-1490-45DC-AB0F-D6D1B8D75ACE}"
EndProject
Project("{FAE04EC0-301F-11D3-BF4B-00C04F79EFBC}") = "DBQueryTool.DataAccess", "DBQueryTool.DataAccess\DBQueryTool.DataAccess.csproj", "{95040539-3C8E-48ED-AA70-3B0A5923161B}"
EndProject
Global
	GlobalSection(SolutionConfigurationPlatforms) = preSolution
		Debug|Any CPU = Debug|Any CPU
		Release|Any CPU = Release|Any CPU
	EndGlobalSection
	GlobalSection(ProjectConfigurationPlatforms) = postSolution
		{2A216546-D5C3-4CE8-B2C9-D7069FEE520A}.Debug|Any CPU.ActiveCfg = Debug|Any CPU
		{2A216546-D5C3-4CE8-B2C9-D7069FEE520A}.Debug|Any CPU.Build.0 = Debug|Any CPU
		{2A216546-D5C3-4CE8-B2C9-D7069FEE520A}.Release|Any CPU.ActiveCfg = Release|Any CPU
		{2A216546-D5C3-4CE8-B2C9-D7069FEE520A}.Release|Any CPU.Build.0 = Release|Any CPU
		{F413CE04-8F12-4BE5-9E43-00C6F69149AE}.Debug|Any CPU.ActiveCfg = Debug|Any CPU
		{F413CE04-8F12-4BE5-9E43-00C6F69149AE}.Debug|Any CPU.Build.0 = Debug|Any CPU
		{F413CE04-8F12-4BE5-9E43-00C6F69149AE}.Release|Any CPU.ActiveCfg = Release|Any CPU
		{F413CE04-8F12-4BE5-9E43-00C6F69149AE}.Release|Any CPU.Build.0 = Release|Any CPU
		{9E6BC582-DAC5-402C-ACEB-74783D3190D2}.Debug|Any CPU.ActiveCfg = Debug|Any CPU
		{9E6BC582-DAC5-402C-ACEB-74783D3190D2}.Debug|Any CPU.Build.0 = Debug|Any CPU
		{9E6BC582-DAC5-402C-ACEB-74783D3190D2}.Release|Any CPU.ActiveCfg = Release|Any CPU
		{9E6BC582-DAC5-402C-ACEB-74783D3190D2}.Release|Any CPU.Build.0 = Release|Any CPU
		{5D94D54C-1490-45DC-AB0F-D6D1B8D75ACE}.Debug|Any CPU.ActiveCfg = Debug|Any CPU
		{5D94D54C-1490-45DC-AB0F-D6D1B8D75ACE}.Debug|Any CPU.Build.0 = Debug|Any CPU
		{5D94D54C-1490-45DC-AB0F-D6D1B8D75ACE}.Release|Any CPU.ActiveCfg = Release|Any CPU
		{5D94D54C-1490-45DC-AB0F-D6D1B8D75ACE}.Release|Any CPU.Build.0 = Release|Any CPU
		{95040539-3C8E-48ED-AA70-3B0A5923161B}.Debug|Any CPU.ActiveCfg = Debug|Any CPU
		{95040539-3C8E-48ED-AA70-3B0A5923161B}.Debug|Any CPU.Build.0 = Debug|Any CPU
		{95040539-3C8E-48ED-AA70-3B0A5923161B}.Release|Any CPU.ActiveCfg = Release|Any CPU
		{95040539-3C8E-48ED-AA70-3B0A5923161B}.Release|Any CPU.Build.0 = Release|Any CPU
	EndGlobalSection
	GlobalSection(SolutionProperties) = preSolution
		HideSolutionNode = FALSE
	EndGlobalSection
	GlobalSection(ExtensibilityGlobals) = postSolution
		SolutionGuid = {7517C65A-6BF3-4CB9-8879-F2FB2B15380A}
	EndGlobalSection
EndGlobal
